
Microsoft Visual Studio Solution File, Format Version 12.00
# Visual Studio Version 16
VisualStudioVersion = 16.0.33529.622
MinimumVisualStudioVersion = 10.0.40219.1
Project("{FAE04EC0-301F-11D3-BF4B-00C04F79EFBC}") = "Hamilton", "Hamilton\Hamilton.csproj", "{B08C74FF-8E60-4104-9177-6BF2FDE2643A}"
EndProject
Global
	GlobalSection(SolutionConfigurationPlatforms) = preSolution
		Debug|Any CPU = Debug|Any CPU
		Release|Any CPU = Release|Any CPU
	EndGlobalSection
	GlobalSection(ProjectConfigurationPlatforms) = postSolution
		{B08C74FF-8E60-4104-9177-6BF2FDE2643A}.Debug|Any CPU.ActiveCfg = Debug|Any CPU
		{B08C74FF-8E60-4104-9177-6BF2FDE2643A}.Debug|Any CPU.Build.0 = Debug|Any CPU
		{B08C74FF-8E60-4104-9177-6BF2FDE2643A}.Release|Any CPU.ActiveCfg = Release|Any CPU
		{B08C74FF-8E60-4104-9177-6BF2FDE2643A}.Release|Any CPU.Build.0 = Release|Any CPU
	EndGlobalSection
	GlobalSection(SolutionProperties) = preSolution
		HideSolutionNode = FALSE
	EndGlobalSection
	GlobalSection(ExtensibilityGlobals) = postSolution
		SolutionGuid = {7289C1EC-DD53-48D2-B4C2-BAA3CDB876A5}
	EndGlobalSection
EndGlobal
